
Microsoft Visual Studio Solution File, Format Version 12.00
# Visual Studio 14
VisualStudioVersion = 14.0.23107.0
MinimumVisualStudioVersion = 10.0.40219.1
Project("{FAE04EC0-301F-11D3-BF4B-00C04F79EFBC}") = "CMPE2800_Lab02", "CMPE2800_Lab02\CMPE2800_Lab02.csproj", "{D7699609-E979-47A2-86B8-241F5D4A51F5}"
EndProject
Global
	GlobalSection(SubversionScc) = preSolution
		Svn-Managed = True
		Manager = AnkhSVN - Subversion Support for Visual Studio
	EndGlobalSection
	GlobalSection(SolutionConfigurationPlatforms) = preSolution
		Debug|Any CPU = Debug|Any CPU
		Release|Any CPU = Release|Any CPU
	EndGlobalSection
	GlobalSection(ProjectConfigurationPlatforms) = postSolution
		{D7699609-E979-47A2-86B8-241F5D4A51F5}.Debug|Any CPU.ActiveCfg = Debug|Any CPU
		{D7699609-E979-47A2-86B8-241F5D4A51F5}.Debug|Any CPU.Build.0 = Debug|Any CPU
		{D7699609-E979-47A2-86B8-241F5D4A51F5}.Release|Any CPU.ActiveCfg = Release|Any CPU
		{D7699609-E979-47A2-86B8-241F5D4A51F5}.Release|Any CPU.Build.0 = Release|Any CPU
	EndGlobalSection
	GlobalSection(SolutionProperties) = preSolution
		HideSolutionNode = FALSE
	EndGlobalSection
EndGlobal
